{"version":4,"terraform_version":"1.11.3","serial":6,"lineage":"fc19004d-a9b6-3417-4c5c-f5811d2e0486","outputs":{"ci_service_account_email":{"value":"tofu-ci@mklv-infrastructure.iam.gserviceaccount.com","type":"string"},"ci_service_account_id":{"value":"projects/mklv-infrastructure/serviceAccounts/tofu-ci@mklv-infrastructure.iam.gserviceaccount.com","type":"string"},"project_id":{"value":"mklv-infrastructure","type":"string"},"state_bucket_name":{"value":"mklv-infrastructure-tfstate","type":"string"},"state_bucket_url":{"value":"gs://mklv-infrastructure-tfstate","type":"string"}},"resources":[{"mode":"managed","type":"google_project","name":"main","provider":"provider[\"registry.opentofu.org/hashicorp/google\"]","instances":[{"schema_version":1,"attributes":{"auto_create_network":true,"billing_account":"01505A-D33C6E-E19208","deletion_policy":"PREVENT","effective_labels":{},"folder_id":null,"id":"projects/mklv-infrastructure","labels":{},"name":"mklv-infrastructure","number":"443065563587","org_id":null,"project_id":"mklv-infrastructure","tags":null,"terraform_labels":{},"timeouts":null},"sensitive_attributes":[],"private":"eyJlMmJmYjczMC1lY2FhLTExZTYtOGY4OC0zNDM2M2JjN2M0YzAiOnsiY3JlYXRlIjo2MDAwMDAwMDAwMDAsImRlbGV0ZSI6NjAwMDAwMDAwMDAwLCJyZWFkIjo2MDAwMDAwMDAwMDAsInVwZGF0ZSI6NjAwMDAwMDAwMDAwfSwic2NoZW1hX3ZlcnNpb24iOiIxIn0="}]},{"mode":"managed","type":"google_project_default_service_accounts","name":"disable_compute_sa","provider":"provider[\"registry.opentofu.org/hashicorp/google\"]","instances":[{"schema_version":0,"attributes":{"action":"DISABLE","id":"projects/mklv-infrastructure","project":"mklv-infrastructure","restore_policy":"REVERT","service_accounts":{},"timeouts":null},"sensitive_attributes":[],"private":"eyJlMmJmYjczMC1lY2FhLTExZTYtOGY4OC0zNDM2M2JjN2M0YzAiOnsiY3JlYXRlIjo2MDAwMDAwMDAwMDAsImRlbGV0ZSI6NjAwMDAwMDAwMDAwLCJyZWFkIjo2MDAwMDAwMDAwMDB9fQ==","dependencies":["google_project.main"]}]},{"mode":"managed","type":"google_project_service","name":"apis","provider":"provider[\"registry.opentofu.org/hashicorp/google\"]","instances":[{"index_key":"artifactregistry.googleapis.com","schema_version":0,"attributes":{"disable_dependent_services":null,"disable_on_destroy":false,"id":"mklv-infrastructure/artifactregistry.googleapis.com","project":"mklv-infrastructure","service":"artifactregistry.googleapis.com","timeouts":null},"sensitive_attributes":[],"private":"eyJlMmJmYjczMC1lY2FhLTExZTYtOGY4OC0zNDM2M2JjN2M0YzAiOnsiY3JlYXRlIjoxMjAwMDAwMDAwMDAwLCJkZWxldGUiOjEyMDAwMDAwMDAwMDAsInJlYWQiOjYwMDAwMDAwMDAwMCwidXBkYXRlIjoxMjAwMDAwMDAwMDAwfX0=","dependencies":["google_project.main"]},{"index_key":"billingbudgets.googleapis.com","schema_version":0,"attributes":{"disable_dependent_services":null,"disable_on_destroy":false,"id":"mklv-infrastructure/billingbudgets.googleapis.com","project":"mklv-infrastructure","service":"billingbudgets.googleapis.com","timeouts":null},"sensitive_attributes":[],"private":"eyJlMmJmYjczMC1lY2FhLTExZTYtOGY4OC0zNDM2M2JjN2M0YzAiOnsiY3JlYXRlIjoxMjAwMDAwMDAwMDAwLCJkZWxldGUiOjEyMDAwMDAwMDAwMDAsInJlYWQiOjYwMDAwMDAwMDAwMCwidXBkYXRlIjoxMjAwMDAwMDAwMDAwfX0=","dependencies":["google_project.main"]},{"index_key":"cloudbilling.googleapis.com","schema_version":0,"attributes":{"disable_dependent_services":null,"disable_on_destroy":false,"id":"mklv-infrastructure/cloudbilling.googleapis.com","project":"mklv-infrastructure","service":"cloudbilling.googleapis.com","timeouts":null},"sensitive_attributes":[],"private":"eyJlMmJmYjczMC1lY2FhLTExZTYtOGY4OC0zNDM2M2JjN2M0YzAiOnsiY3JlYXRlIjoxMjAwMDAwMDAwMDAwLCJkZWxldGUiOjEyMDAwMDAwMDAwMDAsInJlYWQiOjYwMDAwMDAwMDAwMCwidXBkYXRlIjoxMjAwMDAwMDAwMDAwfX0=","dependencies":["google_project.main"]},{"index_key":"iam.googleapis.com","schema_version":0,"attributes":{"disable_dependent_services":null,"disable_on_destroy":false,"id":"mklv-infrastructure/iam.googleapis.com","project":"mklv-infrastructure","service":"iam.googleapis.com","timeouts":null},"sensitive_attributes":[],"private":"eyJlMmJmYjczMC1lY2FhLTExZTYtOGY4OC0zNDM2M2JjN2M0YzAiOnsiY3JlYXRlIjoxMjAwMDAwMDAwMDAwLCJkZWxldGUiOjEyMDAwMDAwMDAwMDAsInJlYWQiOjYwMDAwMDAwMDAwMCwidXBkYXRlIjoxMjAwMDAwMDAwMDAwfX0=","dependencies":["google_project.main"]},{"index_key":"run.googleapis.com","schema_version":0,"attributes":{"disable_dependent_services":null,"disable_on_destroy":false,"id":"mklv-infrastructure/run.googleapis.com","project":"mklv-infrastructure","service":"run.googleapis.com","timeouts":null},"sensitive_attributes":[],"private":"eyJlMmJmYjczMC1lY2FhLTExZTYtOGY4OC0zNDM2M2JjN2M0YzAiOnsiY3JlYXRlIjoxMjAwMDAwMDAwMDAwLCJkZWxldGUiOjEyMDAwMDAwMDAwMDAsInJlYWQiOjYwMDAwMDAwMDAwMCwidXBkYXRlIjoxMjAwMDAwMDAwMDAwfX0=","dependencies":["google_project.main"]},{"index_key":"secretmanager.googleapis.com","schema_version":0,"attributes":{"disable_dependent_services":null,"disable_on_destroy":false,"id":"mklv-infrastructure/secretmanager.googleapis.com","project":"mklv-infrastructure","service":"secretmanager.googleapis.com","timeouts":null},"sensitive_attributes":[],"private":"eyJlMmJmYjczMC1lY2FhLTExZTYtOGY4OC0zNDM2M2JjN2M0YzAiOnsiY3JlYXRlIjoxMjAwMDAwMDAwMDAwLCJkZWxldGUiOjEyMDAwMDAwMDAwMDAsInJlYWQiOjYwMDAwMDAwMDAwMCwidXBkYXRlIjoxMjAwMDAwMDAwMDAwfX0=","dependencies":["google_project.main"]}]},{"mode":"managed","type":"terraform_data","name":"prevent_state_bucket_destroy","provider":"provider[\"terraform.io/builtin/terraform\"]","instances":[{"schema_version":0,"attributes":{"id":"4edfd4bc-98b7-a49a-3b2f-6d4a749cea57","input":{"value":"mklv-infrastructure-tfstate","type":"string"},"output":{"value":"mklv-infrastructure-tfstate","type":"string"},"triggers_replace":null},"sensitive_attributes":[],"dependencies":["google_project.main","module.state_bucket.google_kms_key_handle.default","module.state_bucket.google_storage_bucket.bucket","module.state_bucket.google_storage_bucket_iam_binding.authoritative","module.state_bucket.google_storage_bucket_iam_binding.bindings","module.state_bucket.google_storage_bucket_iam_member.bindings"]}]},{"module":"module.ci_service_account","mode":"data","type":"google_service_account","name":"service_account","provider":"provider[\"registry.opentofu.org/hashicorp/google\"]","instances":[]},{"module":"module.ci_service_account","mode":"managed","type":"google_billing_account_iam_member","name":"billing-roles","provider":"provider[\"registry.opentofu.org/hashicorp/google\"]","instances":[]},{"module":"module.ci_service_account","mode":"managed","type":"google_folder_iam_member","name":"folder-roles","provider":"provider[\"registry.opentofu.org/hashicorp/google\"]","instances":[]},{"module":"module.ci_service_account","mode":"managed","type":"google_organization_iam_member","name":"organization-roles","provider":"provider[\"registry.opentofu.org/hashicorp/google\"]","instances":[]},{"module":"module.ci_service_account","mode":"managed","type":"google_project_iam_member","name":"project-roles","provider":"provider[\"registry.opentofu.org/hashicorp/google\"]","instances":[{"index_key":"mklv-infrastructure-roles/artifactregistry.writer","schema_version":0,"attributes":{"condition":[],"etag":"BwZKt/ZaO+0=","id":"mklv-infrastructure/roles/artifactregistry.writer/serviceAccount:tofu-ci@mklv-infrastructure.iam.gserviceaccount.com","member":"serviceAccount:tofu-ci@mklv-infrastructure.iam.gserviceaccount.com","project":"mklv-infrastructure","role":"roles/artifactregistry.writer"},"sensitive_attributes":[],"private":"bnVsbA==","dependencies":["google_project.main","module.ci_service_account.data.google_service_account.service_account","module.ci_service_account.google_service_account.service_account"]},{"index_key":"mklv-infrastructure-roles/run.admin","schema_version":0,"attributes":{"condition":[],"etag":"BwZKt/ZaO+0=","id":"mklv-infrastructure/roles/run.admin/serviceAccount:tofu-ci@mklv-infrastructure.iam.gserviceaccount.com","member":"serviceAccount:tofu-ci@mklv-infrastructure.iam.gserviceaccount.com","project":"mklv-infrastructure","role":"roles/run.admin"},"sensitive_attributes":[],"private":"bnVsbA==","dependencies":["google_project.main","module.ci_service_account.data.google_service_account.service_account","module.ci_service_account.google_service_account.service_account"]},{"index_key":"mklv-infrastructure-roles/secretmanager.secretAccessor","schema_version":0,"attributes":{"condition":[],"etag":"BwZKt/ZaO+0=","id":"mklv-infrastructure/roles/secretmanager.secretAccessor/serviceAccount:tofu-ci@mklv-infrastructure.iam.gserviceaccount.com","member":"serviceAccount:tofu-ci@mklv-infrastructure.iam.gserviceaccount.com","project":"mklv-infrastructure","role":"roles/secretmanager.secretAccessor"},"sensitive_attributes":[],"private":"bnVsbA==","dependencies":["google_project.main","module.ci_service_account.data.google_service_account.service_account","module.ci_service_account.google_service_account.service_account"]}]},{"module":"module.ci_service_account","mode":"managed","type":"google_service_account","name":"service_account","provider":"provider[\"registry.opentofu.org/hashicorp/google\"]","instances":[{"index_key":0,"schema_version":0,"attributes":{"account_id":"tofu-ci","create_ignore_already_exists":null,"description":"","disabled":false,"display_name":"Terraform-managed.","email":"tofu-ci@mklv-infrastructure.iam.gserviceaccount.com","id":"projects/mklv-infrastructure/serviceAccounts/tofu-ci@mklv-infrastructure.iam.gserviceaccount.com","member":"serviceAccount:tofu-ci@mklv-infrastructure.iam.gserviceaccount.com","name":"projects/mklv-infrastructure/serviceAccounts/tofu-ci@mklv-infrastructure.iam.gserviceaccount.com","project":"mklv-infrastructure","timeouts":null,"unique_id":"102749754591526000956"},"sensitive_attributes":[],"private":"eyJlMmJmYjczMC1lY2FhLTExZTYtOGY4OC0zNDM2M2JjN2M0YzAiOnsiY3JlYXRlIjozMDAwMDAwMDAwMDB9fQ==","dependencies":["google_project.main"]}]},{"module":"module.ci_service_account","mode":"managed","type":"google_service_account_iam_binding","name":"authoritative","provider":"provider[\"registry.opentofu.org/hashicorp/google\"]","instances":[]},{"module":"module.ci_service_account","mode":"managed","type":"google_service_account_iam_binding","name":"bindings","provider":"provider[\"registry.opentofu.org/hashicorp/google\"]","instances":[]},{"module":"module.ci_service_account","mode":"managed","type":"google_service_account_iam_member","name":"additive","provider":"provider[\"registry.opentofu.org/hashicorp/google\"]","instances":[]},{"module":"module.ci_service_account","mode":"managed","type":"google_service_account_iam_member","name":"bindings","provider":"provider[\"registry.opentofu.org/hashicorp/google\"]","instances":[]},{"module":"module.ci_service_account","mode":"managed","type":"google_storage_bucket_iam_member","name":"bucket-roles","provider":"provider[\"registry.opentofu.org/hashicorp/google\"]","instances":[]},{"module":"module.ci_service_account","mode":"managed","type":"google_tags_tag_binding","name":"binding","provider":"provider[\"registry.opentofu.org/hashicorp/google\"]","instances":[]},{"module":"module.state_bucket","mode":"managed","type":"google_kms_key_handle","name":"default","provider":"provider[\"registry.opentofu.org/hashicorp/google\"]","instances":[]},{"module":"module.state_bucket","mode":"managed","type":"google_pubsub_topic","name":"topic","provider":"provider[\"registry.opentofu.org/hashicorp/google\"]","instances":[]},{"module":"module.state_bucket","mode":"managed","type":"google_pubsub_topic_iam_binding","name":"binding","provider":"provider[\"registry.opentofu.org/hashicorp/google\"]","instances":[]},{"module":"module.state_bucket","mode":"managed","type":"google_storage_bucket","name":"bucket","provider":"provider[\"registry.opentofu.org/hashicorp/google\"]","instances":[{"index_key":0,"schema_version":4,"attributes":{"autoclass":[],"cors":[],"custom_placement_config":[],"default_event_based_hold":false,"effective_labels":{"goog-terraform-provisioned":"true"},"enable_object_retention":false,"encryption":[],"force_destroy":false,"hierarchical_namespace":[{"enabled":false}],"id":"mklv-infrastructure-tfstate","ip_filter":[],"labels":{},"lifecycle_rule":[{"action":[{"storage_class":"","type":"Delete"}],"condition":[{"age":0,"created_before":"","custom_time_before":"","days_since_custom_time":0,"days_since_noncurrent_time":0,"matches_prefix":[],"matches_storage_class":[],"matches_suffix":[],"noncurrent_time_before":"","num_newer_versions":5,"send_age_if_zero":false,"send_days_since_custom_time_if_zero":false,"send_days_since_noncurrent_time_if_zero":false,"send_num_newer_versions_if_zero":false,"with_state":"ARCHIVED"}]}],"location":"US-WEST1","logging":[],"name":"mklv-infrastructure-tfstate","project":"mklv-infrastructure","project_number":443065563587,"public_access_prevention":"inherited","requester_pays":false,"retention_policy":[],"rpo":null,"self_link":"https://www.googleapis.com/storage/v1/b/mklv-infrastructure-tfstate","soft_delete_policy":[{"effective_time":"2026-02-13T17:13:43.386Z","retention_duration_seconds":604800}],"storage_class":"STANDARD","terraform_labels":{"goog-terraform-provisioned":"true"},"time_created":"2026-02-13T17:13:43.386Z","timeouts":null,"uniform_bucket_level_access":true,"updated":"2026-02-13T17:13:43.386Z","url":"gs://mklv-infrastructure-tfstate","versioning":[{"enabled":true}],"website":[]},"sensitive_attributes":[],"private":"eyJlMmJmYjczMC1lY2FhLTExZTYtOGY4OC0zNDM2M2JjN2M0YzAiOnsiY3JlYXRlIjo2MDAwMDAwMDAwMDAsInJlYWQiOjI0MDAwMDAwMDAwMCwidXBkYXRlIjoyNDAwMDAwMDAwMDB9LCJzY2hlbWFfdmVyc2lvbiI6IjQifQ==","dependencies":["google_project.main","module.state_bucket.google_kms_key_handle.default"]}]},{"module":"module.state_bucket","mode":"managed","type":"google_storage_bucket_iam_binding","name":"authoritative","provider":"provider[\"registry.opentofu.org/hashicorp/google\"]","instances":[]},{"module":"module.state_bucket","mode":"managed","type":"google_storage_bucket_iam_binding","name":"bindings","provider":"provider[\"registry.opentofu.org/hashicorp/google\"]","instances":[]},{"module":"module.state_bucket","mode":"managed","type":"google_storage_bucket_iam_member","name":"bindings","provider":"provider[\"registry.opentofu.org/hashicorp/google\"]","instances":[]},{"module":"module.state_bucket","mode":"managed","type":"google_storage_bucket_object","name":"objects","provider":"provider[\"registry.opentofu.org/hashicorp/google\"]","instances":[]},{"module":"module.state_bucket","mode":"managed","type":"google_storage_managed_folder","name":"folder","provider":"provider[\"registry.opentofu.org/hashicorp/google\"]","instances":[]},{"module":"module.state_bucket","mode":"managed","type":"google_storage_managed_folder_iam_binding","name":"authoritative","provider":"provider[\"registry.opentofu.org/hashicorp/google\"]","instances":[]},{"module":"module.state_bucket","mode":"managed","type":"google_storage_managed_folder_iam_binding","name":"bindings","provider":"provider[\"registry.opentofu.org/hashicorp/google\"]","instances":[]},{"module":"module.state_bucket","mode":"managed","type":"google_storage_managed_folder_iam_member","name":"members","provider":"provider[\"registry.opentofu.org/hashicorp/google\"]","instances":[]},{"module":"module.state_bucket","mode":"managed","type":"google_storage_notification","name":"notification","provider":"provider[\"registry.opentofu.org/hashicorp/google\"]","instances":[]},{"module":"module.state_bucket","mode":"managed","type":"google_tags_location_tag_binding","name":"binding","provider":"provider[\"registry.opentofu.org/hashicorp/google\"]","instances":[]}],"check_results":[{"object_kind":"var","config_addr":"module.state_bucket.var.prefix","status":"pass","objects":[{"object_addr":"module.state_bucket.var.prefix","status":"pass"}]},{"object_kind":"var","config_addr":"module.state_bucket.var.rpo","status":"pass","objects":[{"object_addr":"module.state_bucket.var.rpo","status":"pass"}]},{"object_kind":"var","config_addr":"module.state_bucket.var.public_access_prevention","status":"pass","objects":[{"object_addr":"module.state_bucket.var.public_access_prevention","status":"pass"}]},{"object_kind":"var","config_addr":"module.ci_service_account.var.project_id","status":"pass","objects":[{"object_addr":"module.ci_service_account.var.project_id","status":"pass"}]},{"object_kind":"var","config_addr":"module.state_bucket.var.kms_autokeys","status":"pass","objects":[{"object_addr":"module.state_bucket.var.kms_autokeys","status":"pass"}]},{"object_kind":"var","config_addr":"module.state_bucket.var.lifecycle_rules","status":"pass","objects":[{"object_addr":"module.state_bucket.var.lifecycle_rules","status":"pass"}]},{"object_kind":"var","config_addr":"module.state_bucket.var.project_id","status":"pass","objects":[{"object_addr":"module.state_bucket.var.project_id","status":"pass"}]},{"object_kind":"var","config_addr":"module.ci_service_account.var.prefix","status":"pass","objects":[{"object_addr":"module.ci_service_account.var.prefix","status":"pass"}]},{"object_kind":"var","config_addr":"module.state_bucket.var.location","status":"pass","objects":[{"object_addr":"module.state_bucket.var.location","status":"pass"}]},{"object_kind":"var","config_addr":"module.ci_service_account.var.create_ignore_already_exists","status":"pass","objects":[{"object_addr":"module.ci_service_account.var.create_ignore_already_exists","status":"pass"}]},{"object_kind":"var","config_addr":"module.state_bucket.var.storage_class","status":"pass","objects":[{"object_addr":"module.state_bucket.var.storage_class","status":"pass"}]}]}
